
Microsoft Visual Studio Solution File, Format Version 12.00
# Visual Studio Version 17
VisualStudioVersion = 17.9.34622.214
MinimumVisualStudioVersion = 10.0.40219.1
Project("{8BC9CEB8-8B4A-11D0-8D11-00A0C91BC942}") = "OOP_LAB_3.3B", "OOP_LAB_3.3B.vcxproj", "{74136315-5CC6-4227-B558-EBF994FB96A5}"
EndProject
Project("{8BC9CEB8-8B4A-11D0-8D11-00A0C91BC942}") = "UnitTest23", "..\UnitTest23\UnitTest23.vcxproj", "{1EC98306-0D5A-4FEE-AE0B-A8D9A5603CB4}"
EndProject
Global
	GlobalSection(SolutionConfigurationPlatforms) = preSolution
		Debug|x64 = Debug|x64
		Debug|x86 = Debug|x86
		Release|x64 = Release|x64
		Release|x86 = Release|x86
	EndGlobalSection
	GlobalSection(ProjectConfigurationPlatforms) = postSolution
		{74136315-5CC6-4227-B558-EBF994FB96A5}.Debug|x64.ActiveCfg = Debug|x64
		{74136315-5CC6-4227-B558-EBF994FB96A5}.Debug|x64.Build.0 = Debug|x64
		{74136315-5CC6-4227-B558-EBF994FB96A5}.Debug|x86.ActiveCfg = Debug|Win32
		{74136315-5CC6-4227-B558-EBF994FB96A5}.Debug|x86.Build.0 = Debug|Win32
		{74136315-5CC6-4227-B558-EBF994FB96A5}.Release|x64.ActiveCfg = Release|x64
		{74136315-5CC6-4227-B558-EBF994FB96A5}.Release|x64.Build.0 = Release|x64
		{74136315-5CC6-4227-B558-EBF994FB96A5}.Release|x86.ActiveCfg = Release|Win32
		{74136315-5CC6-4227-B558-EBF994FB96A5}.Release|x86.Build.0 = Release|Win32
		{1EC98306-0D5A-4FEE-AE0B-A8D9A5603CB4}.Debug|x64.ActiveCfg = Debug|x64
		{1EC98306-0D5A-4FEE-AE0B-A8D9A5603CB4}.Debug|x64.Build.0 = Debug|x64
		{1EC98306-0D5A-4FEE-AE0B-A8D9A5603CB4}.Debug|x86.ActiveCfg = Debug|Win32
		{1EC98306-0D5A-4FEE-AE0B-A8D9A5603CB4}.Debug|x86.Build.0 = Debug|Win32
		{1EC98306-0D5A-4FEE-AE0B-A8D9A5603CB4}.Release|x64.ActiveCfg = Release|x64
		{1EC98306-0D5A-4FEE-AE0B-A8D9A5603CB4}.Release|x64.Build.0 = Release|x64
		{1EC98306-0D5A-4FEE-AE0B-A8D9A5603CB4}.Release|x86.ActiveCfg = Release|Win32
		{1EC98306-0D5A-4FEE-AE0B-A8D9A5603CB4}.Release|x86.Build.0 = Release|Win32
	EndGlobalSection
	GlobalSection(SolutionProperties) = preSolution
		HideSolutionNode = FALSE
	EndGlobalSection
	GlobalSection(ExtensibilityGlobals) = postSolution
		SolutionGuid = {363C172E-1EB0-42CD-970E-13E2F80901D6}
	EndGlobalSection
EndGlobal
